
Microsoft Visual Studio Solution File, Format Version 12.00
# Visual Studio Version 16
VisualStudioVersion = 16.0.30114.105
MinimumVisualStudioVersion = 10.0.40219.1
Project("{FAE04EC0-301F-11D3-BF4B-00C04F79EFBC}") = "DiscordBot", "DiscordBot\DiscordBot.csproj", "{FB32A571-336B-4ABC-B4A8-A176FEFE996A}"
EndProject
Global
	GlobalSection(SolutionConfigurationPlatforms) = preSolution
		Debug|Any CPU = Debug|Any CPU
		Release|Any CPU = Release|Any CPU
	EndGlobalSection
	GlobalSection(ProjectConfigurationPlatforms) = postSolution
		{FB32A571-336B-4ABC-B4A8-A176FEFE996A}.Debug|Any CPU.ActiveCfg = Debug|Any CPU
		{FB32A571-336B-4ABC-B4A8-A176FEFE996A}.Debug|Any CPU.Build.0 = Debug|Any CPU
		{FB32A571-336B-4ABC-B4A8-A176FEFE996A}.Release|Any CPU.ActiveCfg = Release|Any CPU
		{FB32A571-336B-4ABC-B4A8-A176FEFE996A}.Release|Any CPU.Build.0 = Release|Any CPU
	EndGlobalSection
	GlobalSection(SolutionProperties) = preSolution
		HideSolutionNode = FALSE
	EndGlobalSection
	GlobalSection(ExtensibilityGlobals) = postSolution
		SolutionGuid = {F0928B2A-C05C-423F-98AD-2FAD26349AA9}
	EndGlobalSection
EndGlobal
